# THIS IS AN AUTOGENERATED FILE. DO NOT EDIT THIS FILE DIRECTLY.
# yarn lockfile v1


"@esbuild/win32-x64@0.25.1":
  version "0.25.1"
  resolved "https://registry.npmjs.org/@esbuild/win32-x64/-/win32-x64-0.25.1.tgz"
  integrity sha512-Y1EQdcfwMSeQN/ujR5VayLOJ1BHaK+ssyk0AEzPjC+t1lITgsnccPqFjb6V+LsTp/9Iov4ysfjxLaGJ9RPtkVg==

"@rollup/rollup-win32-x64-msvc@4.37.0":
  version "4.37.0"
  resolved "https://registry.npmjs.org/@rollup/rollup-win32-x64-msvc/-/rollup-win32-x64-msvc-4.37.0.tgz"
  integrity sha512-LWbXUBwn/bcLx2sSsqy7pK5o+Nr+VCoRoAohfJ5C/aBio9nfJmGQqHAhU6pwxV/RmyTk5AqdySma7uwWGlmeuA==

"@types/estree@1.0.6":
  version "1.0.6"
  resolved "https://registry.npmjs.org/@types/estree/-/estree-1.0.6.tgz"
  integrity sha512-AYnb1nQyY49te+VRAVgmzfcgjYS91mY5P0TKUDCLEM+gNnA+3T6rWITXRLYCpahpqSQbN5cE+gHpnPyXjHWxcw==

detect-libc@^2.0.3:
  version "2.0.3"
  resolved "https://registry.npmjs.org/detect-libc/-/detect-libc-2.0.3.tgz"
  integrity sha512-bwy0MGW55bG41VqxxypOsdSdGqLwXPI/focwgTYCFMbdUiBAxLg9CFzG08sz2aqzknwiX7Hkl0bQENjg8iLByw==

esbuild@^0.25.0:
  version "0.25.1"
  resolved "https://registry.npmjs.org/esbuild/-/esbuild-0.25.1.tgz"
  integrity sha512-BGO5LtrGC7vxnqucAe/rmvKdJllfGaYWdyABvyMoXQlfYMb2bbRuReWR5tEGE//4LcNJj9XrkovTqNYRFZHAMQ==
  optionalDependencies:
    "@esbuild/aix-ppc64" "0.25.1"
    "@esbuild/android-arm" "0.25.1"
    "@esbuild/android-arm64" "0.25.1"
    "@esbuild/android-x64" "0.25.1"
    "@esbuild/darwin-arm64" "0.25.1"
    "@esbuild/darwin-x64" "0.25.1"
    "@esbuild/freebsd-arm64" "0.25.1"
    "@esbuild/freebsd-x64" "0.25.1"
    "@esbuild/linux-arm" "0.25.1"
    "@esbuild/linux-arm64" "0.25.1"
    "@esbuild/linux-ia32" "0.25.1"
    "@esbuild/linux-loong64" "0.25.1"
    "@esbuild/linux-mips64el" "0.25.1"
    "@esbuild/linux-ppc64" "0.25.1"
    "@esbuild/linux-riscv64" "0.25.1"
    "@esbuild/linux-s390x" "0.25.1"
    "@esbuild/linux-x64" "0.25.1"
    "@esbuild/netbsd-arm64" "0.25.1"
    "@esbuild/netbsd-x64" "0.25.1"
    "@esbuild/openbsd-arm64" "0.25.1"
    "@esbuild/openbsd-x64" "0.25.1"
    "@esbuild/sunos-x64" "0.25.1"
    "@esbuild/win32-arm64" "0.25.1"
    "@esbuild/win32-ia32" "0.25.1"
    "@esbuild/win32-x64" "0.25.1"

jiti@>=1.21.0:
  version "2.4.2"
  resolved "https://registry.npmjs.org/jiti/-/jiti-2.4.2.tgz"
  integrity sha512-rg9zJN+G4n2nfJl5MW3BMygZX56zKPNVEYYqq7adpmMh4Jn2QNEwhvQlFy6jPVdcod7txZtKHWnyZiA3a0zP7A==

lightningcss-win32-x64-msvc@1.29.2:
  version "1.29.2"
  resolved "https://registry.npmjs.org/lightningcss-win32-x64-msvc/-/lightningcss-win32-x64-msvc-1.29.2.tgz"
  integrity sha512-EdIUW3B2vLuHmv7urfzMI/h2fmlnOQBk1xlsDxkN1tCWKjNFjfLhGxYk8C8mzpSfr+A6jFFIi8fU6LbQGsRWjA==

lightningcss@^1.21.0:
  version "1.29.2"
  resolved "https://registry.npmjs.org/lightningcss/-/lightningcss-1.29.2.tgz"
  integrity sha512-6b6gd/RUXKaw5keVdSEtqFVdzWnU5jMxTUjA2bVcMNPLwSQ08Sv/UodBVtETLCn7k4S1Ibxwh7k68IwLZPgKaA==
  dependencies:
    detect-libc "^2.0.3"
  optionalDependencies:
    lightningcss-darwin-arm64 "1.29.2"
    lightningcss-darwin-x64 "1.29.2"
    lightningcss-freebsd-x64 "1.29.2"
    lightningcss-linux-arm-gnueabihf "1.29.2"
    lightningcss-linux-arm64-gnu "1.29.2"
    lightningcss-linux-arm64-musl "1.29.2"
    lightningcss-linux-x64-gnu "1.29.2"
    lightningcss-linux-x64-musl "1.29.2"
    lightningcss-win32-arm64-msvc "1.29.2"
    lightningcss-win32-x64-msvc "1.29.2"

nanoid@^3.3.8:
  version "3.3.11"
  resolved "https://registry.npmjs.org/nanoid/-/nanoid-3.3.11.tgz"
  integrity sha512-N8SpfPUnUp1bK+PMYW8qSWdl9U+wwNWI4QKxOYDy9JAro3WMX7p2OeVRF9v+347pnakNevPmiHhNmZ2HbFA76w==

picocolors@^1.1.1:
  version "1.1.1"
  resolved "https://registry.npmjs.org/picocolors/-/picocolors-1.1.1.tgz"
  integrity sha512-xceH2snhtb5M9liqDsmEw56le376mTZkEX/jEb/RxNFyegNul7eNslCXP9FDj/Lcu0X8KEyMceP2ntpaHrDEVA==

postcss@^8.5.3:
  version "8.5.3"
  resolved "https://registry.npmjs.org/postcss/-/postcss-8.5.3.tgz"
  integrity sha512-dle9A3yYxlBSrt8Fu+IpjGT8SY8hN0mlaA6GY8t0P5PjIOZemULz/E2Bnm/2dcUOena75OTNkHI76uZBNUUq3A==
  dependencies:
    nanoid "^3.3.8"
    picocolors "^1.1.1"
    source-map-js "^1.2.1"

rollup@^4.30.1:
  version "4.37.0"
  resolved "https://registry.npmjs.org/rollup/-/rollup-4.37.0.tgz"
  integrity sha512-iAtQy/L4QFU+rTJ1YUjXqJOJzuwEghqWzCEYD2FEghT7Gsy1VdABntrO4CLopA5IkflTyqNiLNwPcOJ3S7UKLg==
  dependencies:
    "@types/estree" "1.0.6"
  optionalDependencies:
    "@rollup/rollup-android-arm-eabi" "4.37.0"
    "@rollup/rollup-android-arm64" "4.37.0"
    "@rollup/rollup-darwin-arm64" "4.37.0"
    "@rollup/rollup-darwin-x64" "4.37.0"
    "@rollup/rollup-freebsd-arm64" "4.37.0"
    "@rollup/rollup-freebsd-x64" "4.37.0"
    "@rollup/rollup-linux-arm-gnueabihf" "4.37.0"
    "@rollup/rollup-linux-arm-musleabihf" "4.37.0"
    "@rollup/rollup-linux-arm64-gnu" "4.37.0"
    "@rollup/rollup-linux-arm64-musl" "4.37.0"
    "@rollup/rollup-linux-loongarch64-gnu" "4.37.0"
    "@rollup/rollup-linux-powerpc64le-gnu" "4.37.0"
    "@rollup/rollup-linux-riscv64-gnu" "4.37.0"
    "@rollup/rollup-linux-riscv64-musl" "4.37.0"
    "@rollup/rollup-linux-s390x-gnu" "4.37.0"
    "@rollup/rollup-linux-x64-gnu" "4.37.0"
    "@rollup/rollup-linux-x64-musl" "4.37.0"
    "@rollup/rollup-win32-arm64-msvc" "4.37.0"
    "@rollup/rollup-win32-ia32-msvc" "4.37.0"
    "@rollup/rollup-win32-x64-msvc" "4.37.0"
    fsevents "~2.3.2"

source-map-js@^1.2.1:
  version "1.2.1"
  resolved "https://registry.npmjs.org/source-map-js/-/source-map-js-1.2.1.tgz"
  integrity sha512-UXWMKhLOwVKb728IUtQPXxfYU+usdybtUrK/8uGE8CQMvrhOpwvzDBwj0QhSL7MQc7vIsISBG8VQ8+IDQxpfQA==

vite@^6.2.0:
  version "6.2.6"
  resolved "https://registry.npmjs.org/vite/-/vite-6.2.6.tgz"
  integrity sha512-9xpjNl3kR4rVDZgPNdTL0/c6ao4km69a/2ihNQbcANz8RuCOK3hQBmLSJf3bRKVQjVMda+YvizNE8AwvogcPbw==
  dependencies:
    esbuild "^0.25.0"
    postcss "^8.5.3"
    rollup "^4.30.1"
  optionalDependencies:
    fsevents "~2.3.3"
